
Microsoft Visual Studio Solution File, Format Version 12.00
# Visual Studio 15
VisualStudioVersion = 15.0.28010.2046
MinimumVisualStudioVersion = 10.0.40219.1
Project("{FAE04EC0-301F-11D3-BF4B-00C04F79EFBC}") = "SocialNetwork", "SocialNetwork\SocialNetwork.csproj", "{5F4B9BF5-C685-4989-92D6-965A39D33B85}"
EndProject
Global
	GlobalSection(SolutionConfigurationPlatforms) = preSolution
		Debug|Any CPU = Debug|Any CPU
		Release|Any CPU = Release|Any CPU
	EndGlobalSection
	GlobalSection(ProjectConfigurationPlatforms) = postSolution
		{5F4B9BF5-C685-4989-92D6-965A39D33B85}.Debug|Any CPU.ActiveCfg = Debug|Any CPU
		{5F4B9BF5-C685-4989-92D6-965A39D33B85}.Debug|Any CPU.Build.0 = Debug|Any CPU
		{5F4B9BF5-C685-4989-92D6-965A39D33B85}.Release|Any CPU.ActiveCfg = Release|Any CPU
		{5F4B9BF5-C685-4989-92D6-965A39D33B85}.Release|Any CPU.Build.0 = Release|Any CPU
	EndGlobalSection
	GlobalSection(SolutionProperties) = preSolution
		HideSolutionNode = FALSE
	EndGlobalSection
	GlobalSection(ExtensibilityGlobals) = postSolution
		SolutionGuid = {7125EB4D-9246-433B-AF24-1E39E3089DC1}
	EndGlobalSection
EndGlobal
